
Microsoft Visual Studio Solution File, Format Version 12.00
# Visual Studio 15
VisualStudioVersion = 15.0.28307.329
MinimumVisualStudioVersion = 10.0.40219.1
Project("{FAE04EC0-301F-11D3-BF4B-00C04F79EFBC}") = "FlooringMastery.UI", "FlooringMastery.UI\FlooringMastery.UI.csproj", "{22CBBB3D-0837-40B8-9748-59DC44774826}"
EndProject
Project("{FAE04EC0-301F-11D3-BF4B-00C04F79EFBC}") = "FlooringMastery.BLL", "FlooringMastery.BLL\FlooringMastery.BLL.csproj", "{35C649F8-CBBA-4624-9CE2-D9A5E8E0C568}"
EndProject
Project("{FAE04EC0-301F-11D3-BF4B-00C04F79EFBC}") = "FlooringMastery.Data", "FlooringMastery.Data\FlooringMastery.Data.csproj", "{1DC0CCF7-6BC3-49FE-A0D2-3E411DEB25C5}"
EndProject
Project("{FAE04EC0-301F-11D3-BF4B-00C04F79EFBC}") = "FlooringMastery.Models", "FlooringMastery.Models\FlooringMastery.Models.csproj", "{D1106BDC-5E81-4348-AF23-6DBB9072F056}"
EndProject
Project("{FAE04EC0-301F-11D3-BF4B-00C04F79EFBC}") = "FlooringMastery.Test", "FlooringMastery.Test\FlooringMastery.Test.csproj", "{784CDB10-1C06-4B94-AB02-026CA1910D24}"
EndProject
Global
	GlobalSection(SolutionConfigurationPlatforms) = preSolution
		Debug|Any CPU = Debug|Any CPU
		Release|Any CPU = Release|Any CPU
	EndGlobalSection
	GlobalSection(ProjectConfigurationPlatforms) = postSolution
		{22CBBB3D-0837-40B8-9748-59DC44774826}.Debug|Any CPU.ActiveCfg = Debug|Any CPU
		{22CBBB3D-0837-40B8-9748-59DC44774826}.Debug|Any CPU.Build.0 = Debug|Any CPU
		{22CBBB3D-0837-40B8-9748-59DC44774826}.Release|Any CPU.ActiveCfg = Release|Any CPU
		{22CBBB3D-0837-40B8-9748-59DC44774826}.Release|Any CPU.Build.0 = Release|Any CPU
		{35C649F8-CBBA-4624-9CE2-D9A5E8E0C568}.Debug|Any CPU.ActiveCfg = Debug|Any CPU
		{35C649F8-CBBA-4624-9CE2-D9A5E8E0C568}.Debug|Any CPU.Build.0 = Debug|Any CPU
		{35C649F8-CBBA-4624-9CE2-D9A5E8E0C568}.Release|Any CPU.ActiveCfg = Release|Any CPU
		{35C649F8-CBBA-4624-9CE2-D9A5E8E0C568}.Release|Any CPU.Build.0 = Release|Any CPU
		{1DC0CCF7-6BC3-49FE-A0D2-3E411DEB25C5}.Debug|Any CPU.ActiveCfg = Debug|Any CPU
		{1DC0CCF7-6BC3-49FE-A0D2-3E411DEB25C5}.Debug|Any CPU.Build.0 = Debug|Any CPU
		{1DC0CCF7-6BC3-49FE-A0D2-3E411DEB25C5}.Release|Any CPU.ActiveCfg = Release|Any CPU
		{1DC0CCF7-6BC3-49FE-A0D2-3E411DEB25C5}.Release|Any CPU.Build.0 = Release|Any CPU
		{D1106BDC-5E81-4348-AF23-6DBB9072F056}.Debug|Any CPU.ActiveCfg = Debug|Any CPU
		{D1106BDC-5E81-4348-AF23-6DBB9072F056}.Debug|Any CPU.Build.0 = Debug|Any CPU
		{D1106BDC-5E81-4348-AF23-6DBB9072F056}.Release|Any CPU.ActiveCfg = Release|Any CPU
		{D1106BDC-5E81-4348-AF23-6DBB9072F056}.Release|Any CPU.Build.0 = Release|Any CPU
		{784CDB10-1C06-4B94-AB02-026CA1910D24}.Debug|Any CPU.ActiveCfg = Debug|Any CPU
		{784CDB10-1C06-4B94-AB02-026CA1910D24}.Debug|Any CPU.Build.0 = Debug|Any CPU
		{784CDB10-1C06-4B94-AB02-026CA1910D24}.Release|Any CPU.ActiveCfg = Release|Any CPU
		{784CDB10-1C06-4B94-AB02-026CA1910D24}.Release|Any CPU.Build.0 = Release|Any CPU
	EndGlobalSection
	GlobalSection(SolutionProperties) = preSolution
		HideSolutionNode = FALSE
	EndGlobalSection
	GlobalSection(ExtensibilityGlobals) = postSolution
		SolutionGuid = {5D10F486-E88B-477C-8AF8-5832C21E2C30}
	EndGlobalSection
EndGlobal
